
Microsoft Visual Studio Solution File, Format Version 12.00
# Visual Studio Version 17
VisualStudioVersion = 17.5.33627.172
MinimumVisualStudioVersion = 10.0.40219.1
Project("{9A19103F-16F7-4668-BE54-9A1E7A4F7556}") = "LoyihaniBoshqarishTizimliDasturlash", "LoyihaniBoshqarishTizimliDasturlash\LoyihaniBoshqarishTizimliDasturlash.csproj", "{BEA56B7A-4229-4E89-B9CA-A2D82015DABB}"
EndProject
Global
	GlobalSection(SolutionConfigurationPlatforms) = preSolution
		Debug|Any CPU = Debug|Any CPU
		Release|Any CPU = Release|Any CPU
	EndGlobalSection
	GlobalSection(ProjectConfigurationPlatforms) = postSolution
		{BEA56B7A-4229-4E89-B9CA-A2D82015DABB}.Debug|Any CPU.ActiveCfg = Debug|Any CPU
		{BEA56B7A-4229-4E89-B9CA-A2D82015DABB}.Debug|Any CPU.Build.0 = Debug|Any CPU
		{BEA56B7A-4229-4E89-B9CA-A2D82015DABB}.Release|Any CPU.ActiveCfg = Release|Any CPU
		{BEA56B7A-4229-4E89-B9CA-A2D82015DABB}.Release|Any CPU.Build.0 = Release|Any CPU
	EndGlobalSection
	GlobalSection(SolutionProperties) = preSolution
		HideSolutionNode = FALSE
	EndGlobalSection
	GlobalSection(ExtensibilityGlobals) = postSolution
		SolutionGuid = {46B4063A-E287-4AC8-8807-0C0C935E6CD0}
	EndGlobalSection
EndGlobal
